<?xml version="1.0" encoding="UTF-8"?>
<!DOCTYPE plist PUBLIC "-//Apple//DTD PLIST 1.0//EN" "http://www.apple.com/DTDs/PropertyList-1.0.dtd">
<plist version="1.0">
<dict>
	<key>archiveVersion</key>
	<string>1</string>
	<key>classes</key>
	<dict/>
	<key>objectVersion</key>
	<string>46</string>
	<key>objects</key>
	<dict>
		<key>06AD3158FDD1C76C4C3D70EE</key>
		<dict>
			<key>children</key>
			<array>
				<string>50987A01ED031513E78DE92A</string>
				<string>E86C8712C944F2874DFE2C61</string>
			</array>
			<key>isa</key>
			<string>PBXGroup</string>
			<key>name</key>
			<string>Pods</string>
			<key>sourceTree</key>
			<string>&lt;group&gt;</string>
		</dict>
		<key>3ED1957D45914DBAA7632452</key>
		<dict>
			<key>explicitFileType</key>
			<string>archive.ar</string>
			<key>includeInIndex</key>
			<string>0</string>
			<key>isa</key>
			<string>PBXFileReference</string>
			<key>path</key>
			<string>libPods.a</string>
			<key>sourceTree</key>
			<string>BUILT_PRODUCTS_DIR</string>
		</dict>
		<key>4810B5CB17C3AB8D00E72BFD</key>
		<dict>
			<key>fileEncoding</key>
			<string>4</string>
			<key>isa</key>
			<string>PBXFileReference</string>
			<key>lastKnownFileType</key>
			<string>text.plist.xml</string>
			<key>path</key>
			<string>AeroDoc-Info.plist</string>
			<key>sourceTree</key>
			<string>&lt;group&gt;</string>
		</dict>
		<key>4810B5CF17C3ACF700E72BFD</key>
		<dict>
			<key>isa</key>
			<string>PBXFileReference</string>
			<key>lastKnownFileType</key>
			<string>image.png</string>
			<key>name</key>
			<string>ic_launcher.png</string>
			<key>path</key>
			<string>../ic_launcher.png</string>
			<key>sourceTree</key>
			<string>&lt;group&gt;</string>
		</dict>
		<key>4810B5D017C3ACF700E72BFD</key>
		<dict>
			<key>fileRef</key>
			<string>4810B5CF17C3ACF700E72BFD</string>
			<key>isa</key>
			<string>PBXBuildFile</string>
		</dict>
		<key>4810B5D117C3AD5100E72BFD</key>
		<dict>
			<key>isa</key>
			<string>PBXFileReference</string>
			<key>lastKnownFileType</key>
			<string>image.png</string>
			<key>name</key>
			<string>ic_launcher_114.png</string>
			<key>path</key>
			<string>../ic_launcher_114.png</string>
			<key>sourceTree</key>
			<string>&lt;group&gt;</string>
		</dict>
		<key>4810B5D217C3AD5100E72BFD</key>
		<dict>
			<key>fileRef</key>
			<string>4810B5D117C3AD5100E72BFD</string>
			<key>isa</key>
			<string>PBXBuildFile</string>
		</dict>
		<key>481BE861176F155900960BDF</key>
		<dict>
			<key>children</key>
			<array>
				<string>481BE873176F155A00960BDF</string>
				<string>481BE89D176F155A00960BDF</string>
				<string>481BE86C176F155A00960BDF</string>
				<string>481BE86B176F155A00960BDF</string>
				<string>06AD3158FDD1C76C4C3D70EE</string>
			</array>
			<key>isa</key>
			<string>PBXGroup</string>
			<key>sourceTree</key>
			<string>&lt;group&gt;</string>
		</dict>
		<key>481BE862176F155900960BDF</key>
		<dict>
			<key>attributes</key>
			<dict>
				<key>CLASSPREFIX</key>
				<string>AG</string>
				<key>LastTestingUpgradeCheck</key>
				<string>0510</string>
				<key>LastUpgradeCheck</key>
				<string>0510</string>
				<key>ORGANIZATIONNAME</key>
				<string>AeroGear</string>
				<key>TargetAttributes</key>
				<dict>
					<key>481BE895176F155A00960BDF</key>
					<dict>
						<key>TestTargetID</key>
						<string>481BE869176F155A00960BDF</string>
					</dict>
				</dict>
			</dict>
			<key>buildConfigurationList</key>
			<string>481BE865176F155900960BDF</string>
			<key>compatibilityVersion</key>
			<string>Xcode 3.2</string>
			<key>developmentRegion</key>
			<string>English</string>
			<key>hasScannedForEncodings</key>
			<string>0</string>
			<key>isa</key>
			<string>PBXProject</string>
			<key>knownRegions</key>
			<array>
				<string>en</string>
			</array>
			<key>mainGroup</key>
			<string>481BE861176F155900960BDF</string>
			<key>productRefGroup</key>
			<string>481BE86B176F155A00960BDF</string>
			<key>projectDirPath</key>
			<string></string>
			<key>projectReferences</key>
			<array/>
			<key>projectRoot</key>
			<string></string>
			<key>targets</key>
			<array>
				<string>481BE869176F155A00960BDF</string>
				<string>481BE895176F155A00960BDF</string>
			</array>
		</dict>
		<key>481BE865176F155900960BDF</key>
		<dict>
			<key>buildConfigurations</key>
			<array>
				<string>481BE8A6176F155A00960BDF</string>
				<string>481BE8A7176F155A00960BDF</string>
			</array>
			<key>defaultConfigurationIsVisible</key>
			<string>0</string>
			<key>defaultConfigurationName</key>
			<string>Release</string>
			<key>isa</key>
			<string>XCConfigurationList</string>
		</dict>
		<key>481BE866176F155A00960BDF</key>
		<dict>
			<key>buildActionMask</key>
			<string>2147483647</string>
			<key>files</key>
			<array>
				<string>48C4A9981796F595000108DF</string>
				<string>48C4A9A41796F5B2000108DF</string>
				<string>48C4A9A51796F5B2000108DF</string>
				<string>48C4A9A71796F5B2000108DF</string>
				<string>48C4A9A81796F5B2000108DF</string>
				<string>48C4A9AB1796F5C6000108DF</string>
				<string>48C4A9AE1796F5DE000108DF</string>
				<string>48C4A9B11796F5FF000108DF</string>
				<string>48C4A9B81796F645000108DF</string>
				<string>48C4EAA817CF9FF700E2D71F</string>
			</array>
			<key>isa</key>
			<string>PBXSourcesBuildPhase</string>
			<key>runOnlyForDeploymentPostprocessing</key>
			<string>0</string>
		</dict>
		<key>481BE867176F155A00960BDF</key>
		<dict>
			<key>buildActionMask</key>
			<string>2147483647</string>
			<key>files</key>
			<array>
				<string>481BE86E176F155A00960BDF</string>
				<string>481BE870176F155A00960BDF</string>
				<string>481BE872176F155A00960BDF</string>
				<string>CCB432686BC74882B5C55932</string>
				<string>B20A52351779B14A4BD25A1F</string>
			</array>
			<key>isa</key>
			<string>PBXFrameworksBuildPhase</string>
			<key>runOnlyForDeploymentPostprocessing</key>
			<string>0</string>
		</dict>
		<key>481BE868176F155A00960BDF</key>
		<dict>
			<key>buildActionMask</key>
			<string>2147483647</string>
			<key>files</key>
			<array>
				<string>481BE878176F155A00960BDF</string>
				<string>481BE886176F155A00960BDF</string>
				<string>481BE890176F155A00960BDF</string>
				<string>48E07C5C177622A000043C05</string>
				<string>48E07C69177622A000043C05</string>
				<string>48E07C70177622A000043C05</string>
				<string>6F016810177A142200601E7A</string>
				<string>6F016811177A142200601E7A</string>
				<string>48C4A9C51796F69B000108DF</string>
				<string>48C4A9C61796F69B000108DF</string>
				<string>48C4A9C71796F69B000108DF</string>
				<string>48C4A9C91796F6B8000108DF</string>
				<string>4810B5D017C3ACF700E72BFD</string>
				<string>4810B5D217C3AD5100E72BFD</string>
				<string>4885A24817C4C5C600CD6B02</string>
				<string>4885A24917C4C5C600CD6B02</string>
				<string>48C139C117C66C7D00449D3C</string>
				<string>48C139C317C66CDB00449D3C</string>
				<string>48C139C517C6714A00449D3C</string>
			</array>
			<key>isa</key>
			<string>PBXResourcesBuildPhase</string>
			<key>runOnlyForDeploymentPostprocessing</key>
			<string>0</string>
		</dict>
		<key>481BE869176F155A00960BDF</key>
		<dict>
			<key>buildConfigurationList</key>
			<string>481BE8A8176F155A00960BDF</string>
			<key>buildPhases</key>
			<array>
				<string>5514BACBE1264F0CBDC066B7</string>
				<string>481BE866176F155A00960BDF</string>
				<string>481BE867176F155A00960BDF</string>
				<string>481BE868176F155A00960BDF</string>
				<string>886BF5EE0EEE49A9BC50E39D</string>
			</array>
			<key>buildRules</key>
			<array/>
			<key>dependencies</key>
			<array/>
			<key>isa</key>
			<string>PBXNativeTarget</string>
			<key>name</key>
			<string>AeroDoc</string>
			<key>productName</key>
			<string>AeroDoc</string>
			<key>productReference</key>
			<string>481BE86A176F155A00960BDF</string>
			<key>productType</key>
			<string>com.apple.product-type.application</string>
		</dict>
		<key>481BE86A176F155A00960BDF</key>
		<dict>
			<key>explicitFileType</key>
			<string>wrapper.application</string>
			<key>includeInIndex</key>
			<string>0</string>
			<key>isa</key>
			<string>PBXFileReference</string>
			<key>path</key>
			<string>AeroDoc.app</string>
			<key>sourceTree</key>
			<string>BUILT_PRODUCTS_DIR</string>
		</dict>
		<key>481BE86B176F155A00960BDF</key>
		<dict>
			<key>children</key>
			<array>
				<string>481BE86A176F155A00960BDF</string>
				<string>481BE896176F155A00960BDF</string>
			</array>
			<key>isa</key>
			<string>PBXGroup</string>
			<key>name</key>
			<string>Products</string>
			<key>sourceTree</key>
			<string>&lt;group&gt;</string>
		</dict>
		<key>481BE86C176F155A00960BDF</key>
		<dict>
			<key>children</key>
			<array>
				<string>481BE86D176F155A00960BDF</string>
				<string>481BE86F176F155A00960BDF</string>
				<string>481BE871176F155A00960BDF</string>
				<string>3ED1957D45914DBAA7632452</string>
				<string>B20A5F1341AACD1A3C260ABF</string>
			</array>
			<key>isa</key>
			<string>PBXGroup</string>
			<key>name</key>
			<string>Frameworks</string>
			<key>sourceTree</key>
			<string>&lt;group&gt;</string>
		</dict>
		<key>481BE86D176F155A00960BDF</key>
		<dict>
			<key>isa</key>
			<string>PBXFileReference</string>
			<key>lastKnownFileType</key>
			<string>wrapper.framework</string>
			<key>name</key>
			<string>UIKit.framework</string>
			<key>path</key>
			<string>System/Library/Frameworks/UIKit.framework</string>
			<key>sourceTree</key>
			<string>SDKROOT</string>
		</dict>
		<key>481BE86E176F155A00960BDF</key>
		<dict>
			<key>fileRef</key>
			<string>481BE86D176F155A00960BDF</string>
			<key>isa</key>
			<string>PBXBuildFile</string>
		</dict>
		<key>481BE86F176F155A00960BDF</key>
		<dict>
			<key>isa</key>
			<string>PBXFileReference</string>
			<key>lastKnownFileType</key>
			<string>wrapper.framework</string>
			<key>name</key>
			<string>Foundation.framework</string>
			<key>path</key>
			<string>System/Library/Frameworks/Foundation.framework</string>
			<key>sourceTree</key>
			<string>SDKROOT</string>
		</dict>
		<key>481BE870176F155A00960BDF</key>
		<dict>
			<key>fileRef</key>
			<string>481BE86F176F155A00960BDF</string>
			<key>isa</key>
			<string>PBXBuildFile</string>
		</dict>
		<key>481BE871176F155A00960BDF</key>
		<dict>
			<key>isa</key>
			<string>PBXFileReference</string>
			<key>lastKnownFileType</key>
			<string>wrapper.framework</string>
			<key>name</key>
			<string>CoreGraphics.framework</string>
			<key>path</key>
			<string>System/Library/Frameworks/CoreGraphics.framework</string>
			<key>sourceTree</key>
			<string>SDKROOT</string>
		</dict>
		<key>481BE872176F155A00960BDF</key>
		<dict>
			<key>fileRef</key>
			<string>481BE871176F155A00960BDF</string>
			<key>isa</key>
			<string>PBXBuildFile</string>
		</dict>
		<key>481BE873176F155A00960BDF</key>
		<dict>
			<key>children</key>
			<array>
				<string>48E07C741776F57400043C05</string>
				<string>48E07C091771E31F00043C05</string>
				<string>48C4A9AF1796F5FF000108DF</string>
				<string>48C4A9B01796F5FF000108DF</string>
				<string>481BE885176F155A00960BDF</string>
				<string>481BE88F176F155A00960BDF</string>
				<string>48E07C10177435D500043C05</string>
				<string>481BE887176F155A00960BDF</string>
				<string>481BE88B176F155A00960BDF</string>
				<string>48E07C43177621B700043C05</string>
				<string>481BE874176F155A00960BDF</string>
			</array>
			<key>isa</key>
			<string>PBXGroup</string>
			<key>path</key>
			<string>AeroDoc</string>
			<key>sourceTree</key>
			<string>&lt;group&gt;</string>
		</dict>
		<key>481BE874176F155A00960BDF</key>
		<dict>
			<key>children</key>
			<array>
				<string>48C4A9B71796F645000108DF</string>
				<string>48C4A9B91796F64E000108DF</string>
				<string>4810B5CB17C3AB8D00E72BFD</string>
				<string>481BE876176F155A00960BDF</string>
				<string>48C4A9C21796F69B000108DF</string>
				<string>48C4A9C31796F69B000108DF</string>
				<string>48C4A9C41796F69B000108DF</string>
			</array>
			<key>isa</key>
			<string>PBXGroup</string>
			<key>name</key>
			<string>Supporting Files</string>
			<key>sourceTree</key>
			<string>&lt;group&gt;</string>
		</dict>
		<key>481BE876176F155A00960BDF</key>
		<dict>
			<key>children</key>
			<array>
				<string>481BE877176F155A00960BDF</string>
			</array>
			<key>isa</key>
			<string>PBXVariantGroup</string>
			<key>name</key>
			<string>InfoPlist.strings</string>
			<key>sourceTree</key>
			<string>&lt;group&gt;</string>
		</dict>
		<key>481BE877176F155A00960BDF</key>
		<dict>
			<key>isa</key>
			<string>PBXFileReference</string>
			<key>lastKnownFileType</key>
			<string>text.plist.strings</string>
			<key>name</key>
			<string>en</string>
			<key>path</key>
			<string>en.lproj/InfoPlist.strings</string>
			<key>sourceTree</key>
			<string>&lt;group&gt;</string>
		</dict>
		<key>481BE878176F155A00960BDF</key>
		<dict>
			<key>fileRef</key>
			<string>481BE876176F155A00960BDF</string>
			<key>isa</key>
			<string>PBXBuildFile</string>
		</dict>
		<key>481BE885176F155A00960BDF</key>
		<dict>
			<key>isa</key>
			<string>PBXFileReference</string>
			<key>lastKnownFileType</key>
			<string>text</string>
			<key>name</key>
			<string>Podfile</string>
			<key>path</key>
			<string>../Podfile</string>
			<key>sourceTree</key>
			<string>&lt;group&gt;</string>
			<key>xcLanguageSpecificationIdentifier</key>
			<string>xcode.lang.ruby</string>
		</dict>
		<key>481BE886176F155A00960BDF</key>
		<dict>
			<key>fileRef</key>
			<string>481BE885176F155A00960BDF</string>
			<key>isa</key>
			<string>PBXBuildFile</string>
		</dict>
		<key>481BE887176F155A00960BDF</key>
		<dict>
			<key>children</key>
			<array>
				<string>48C4A9A91796F5C6000108DF</string>
				<string>48C4A9AA1796F5C6000108DF</string>
			</array>
			<key>isa</key>
			<string>PBXGroup</string>
			<key>name</key>
			<string>Networking</string>
			<key>sourceTree</key>
			<string>&lt;group&gt;</string>
		</dict>
		<key>481BE88B176F155A00960BDF</key>
		<dict>
			<key>children</key>
			<array>
				<string>48C4A99A1796F5B2000108DF</string>
				<string>48C4A99B1796F5B2000108DF</string>
				<string>48C4A99C1796F5B2000108DF</string>
				<string>48C4A99D1796F5B2000108DF</string>
				<string>48C4A9A01796F5B2000108DF</string>
				<string>48C4A9A11796F5B2000108DF</string>
				<string>48C4A9A21796F5B2000108DF</string>
				<string>48C4A9A31796F5B2000108DF</string>
				<string>48C4EAA617CF9FF700E2D71F</string>
				<string>48C4EAA717CF9FF700E2D71F</string>
			</array>
			<key>isa</key>
			<string>PBXGroup</string>
			<key>name</key>
			<string>Controllers</string>
			<key>sourceTree</key>
			<string>&lt;group&gt;</string>
		</dict>
		<key>481BE88F176F155A00960BDF</key>
		<dict>
			<key>isa</key>
			<string>PBXFileReference</string>
			<key>lastKnownFileType</key>
			<string>text</string>
			<key>path</key>
			<string>.gitignore</string>
			<key>sourceTree</key>
			<string>&lt;group&gt;</string>
		</dict>
		<key>481BE890176F155A00960BDF</key>
		<dict>
			<key>fileRef</key>
			<string>481BE88F176F155A00960BDF</string>
			<key>isa</key>
			<string>PBXBuildFile</string>
		</dict>
		<key>481BE891176F155A00960BDF</key>
		<dict>
			<key>buildActionMask</key>
			<string>2147483647</string>
			<key>files</key>
			<array/>
			<key>isa</key>
			<string>PBXSourcesBuildPhase</string>
			<key>runOnlyForDeploymentPostprocessing</key>
			<string>0</string>
		</dict>
		<key>481BE892176F155A00960BDF</key>
		<dict>
			<key>buildActionMask</key>
			<string>2147483647</string>
			<key>files</key>
			<array>
				<string>481BE899176F155A00960BDF</string>
				<string>481BE89A176F155A00960BDF</string>
			</array>
			<key>isa</key>
			<string>PBXFrameworksBuildPhase</string>
			<key>runOnlyForDeploymentPostprocessing</key>
			<string>0</string>
		</dict>
		<key>481BE893176F155A00960BDF</key>
		<dict>
			<key>buildActionMask</key>
			<string>2147483647</string>
			<key>files</key>
			<array>
				<string>481BE8A2176F155A00960BDF</string>
			</array>
			<key>isa</key>
			<string>PBXResourcesBuildPhase</string>
			<key>runOnlyForDeploymentPostprocessing</key>
			<string>0</string>
		</dict>
		<key>481BE894176F155A00960BDF</key>
		<dict>
			<key>buildActionMask</key>
			<string>2147483647</string>
			<key>files</key>
			<array/>
			<key>inputPaths</key>
			<array/>
			<key>isa</key>
			<string>PBXShellScriptBuildPhase</string>
			<key>outputPaths</key>
			<array/>
			<key>runOnlyForDeploymentPostprocessing</key>
			<string>0</string>
			<key>shellPath</key>
			<string>/bin/sh</string>
			<key>shellScript</key>
			<string># Run the unit tests in this test bundle.
"${SYSTEM_DEVELOPER_DIR}/Tools/RunUnitTests"
</string>
		</dict>
		<key>481BE895176F155A00960BDF</key>
		<dict>
			<key>buildConfigurationList</key>
			<string>481BE8AB176F155A00960BDF</string>
			<key>buildPhases</key>
			<array>
				<string>481BE891176F155A00960BDF</string>
				<string>481BE892176F155A00960BDF</string>
				<string>481BE893176F155A00960BDF</string>
				<string>481BE894176F155A00960BDF</string>
			</array>
			<key>buildRules</key>
			<array/>
			<key>dependencies</key>
			<array>
				<string>481BE89C176F155A00960BDF</string>
				<string>6F2960EB1981A992009AB9B1</string>
				<string>6F2960ED1981A992009AB9B1</string>
			</array>
			<key>isa</key>
			<string>PBXNativeTarget</string>
			<key>name</key>
			<string>AeroDocTests</string>
			<key>productName</key>
			<string>AeroDocTests</string>
			<key>productReference</key>
			<string>481BE896176F155A00960BDF</string>
			<key>productType</key>
			<string>com.apple.product-type.bundle.unit-test</string>
		</dict>
		<key>481BE896176F155A00960BDF</key>
		<dict>
			<key>explicitFileType</key>
			<string>wrapper.cfbundle</string>
			<key>includeInIndex</key>
			<string>0</string>
			<key>isa</key>
			<string>PBXFileReference</string>
			<key>path</key>
			<string>AeroDocTests.xctest</string>
			<key>sourceTree</key>
			<string>BUILT_PRODUCTS_DIR</string>
		</dict>
		<key>481BE899176F155A00960BDF</key>
		<dict>
			<key>fileRef</key>
			<string>481BE86D176F155A00960BDF</string>
			<key>isa</key>
			<string>PBXBuildFile</string>
		</dict>
		<key>481BE89A176F155A00960BDF</key>
		<dict>
			<key>fileRef</key>
			<string>481BE86F176F155A00960BDF</string>
			<key>isa</key>
			<string>PBXBuildFile</string>
		</dict>
		<key>481BE89B176F155A00960BDF</key>
		<dict>
			<key>containerPortal</key>
			<string>481BE862176F155900960BDF</string>
			<key>isa</key>
			<string>PBXContainerItemProxy</string>
			<key>proxyType</key>
			<string>1</string>
			<key>remoteGlobalIDString</key>
			<string>481BE869176F155A00960BDF</string>
			<key>remoteInfo</key>
			<string>AeroDoc</string>
		</dict>
		<key>481BE89C176F155A00960BDF</key>
		<dict>
			<key>isa</key>
			<string>PBXTargetDependency</string>
			<key>target</key>
			<string>481BE869176F155A00960BDF</string>
			<key>targetProxy</key>
			<string>481BE89B176F155A00960BDF</string>
		</dict>
		<key>481BE89D176F155A00960BDF</key>
		<dict>
			<key>children</key>
			<array>
				<string>481BE89E176F155A00960BDF</string>
			</array>
			<key>isa</key>
			<string>PBXGroup</string>
			<key>path</key>
			<string>AeroDocTests</string>
			<key>sourceTree</key>
			<string>&lt;group&gt;</string>
		</dict>
		<key>481BE89E176F155A00960BDF</key>
		<dict>
			<key>children</key>
			<array>
				<string>48C4A9C81796F6B8000108DF</string>
				<string>481BE8A0176F155A00960BDF</string>
			</array>
			<key>isa</key>
			<string>PBXGroup</string>
			<key>name</key>
			<string>Supporting Files</string>
			<key>sourceTree</key>
			<string>&lt;group&gt;</string>
		</dict>
		<key>481BE8A0176F155A00960BDF</key>
		<dict>
			<key>children</key>
			<array>
				<string>481BE8A1176F155A00960BDF</string>
			</array>
			<key>isa</key>
			<string>PBXVariantGroup</string>
			<key>name</key>
			<string>InfoPlist.strings</string>
			<key>sourceTree</key>
			<string>&lt;group&gt;</string>
		</dict>
		<key>481BE8A1176F155A00960BDF</key>
		<dict>
			<key>isa</key>
			<string>PBXFileReference</string>
			<key>lastKnownFileType</key>
			<string>text.plist.strings</string>
			<key>name</key>
			<string>en</string>
			<key>path</key>
			<string>en.lproj/InfoPlist.strings</string>
			<key>sourceTree</key>
			<string>&lt;group&gt;</string>
		</dict>
		<key>481BE8A2176F155A00960BDF</key>
		<dict>
			<key>fileRef</key>
			<string>481BE8A0176F155A00960BDF</string>
			<key>isa</key>
			<string>PBXBuildFile</string>
		</dict>
		<key>481BE8A6176F155A00960BDF</key>
		<dict>
			<key>buildSettings</key>
			<dict>
				<key>ALWAYS_SEARCH_USER_PATHS</key>
				<string>NO</string>
				<key>CLANG_CXX_LANGUAGE_STANDARD</key>
				<string>gnu++0x</string>
				<key>CLANG_CXX_LIBRARY</key>
				<string>libc++</string>
				<key>CLANG_ENABLE_OBJC_ARC</key>
				<string>YES</string>
				<key>CLANG_WARN_CONSTANT_CONVERSION</key>
				<string>YES</string>
				<key>CLANG_WARN_EMPTY_BODY</key>
				<string>YES</string>
				<key>CLANG_WARN_ENUM_CONVERSION</key>
				<string>YES</string>
				<key>CLANG_WARN_INT_CONVERSION</key>
				<string>YES</string>
				<key>CLANG_WARN__DUPLICATE_METHOD_MATCH</key>
				<string>YES</string>
				<key>CODE_SIGN_IDENTITY[sdk=iphoneos*]</key>
				<string>iPhone Developer</string>
				<key>COPY_PHASE_STRIP</key>
				<string>NO</string>
				<key>GCC_C_LANGUAGE_STANDARD</key>
				<string>gnu99</string>
				<key>GCC_DYNAMIC_NO_PIC</key>
				<string>NO</string>
				<key>GCC_OPTIMIZATION_LEVEL</key>
				<string>0</string>
				<key>GCC_PREPROCESSOR_DEFINITIONS</key>
				<array>
					<string>DEBUG=1</string>
					<string>$(inherited)</string>
				</array>
				<key>GCC_SYMBOLS_PRIVATE_EXTERN</key>
				<string>NO</string>
				<key>GCC_WARN_ABOUT_RETURN_TYPE</key>
				<string>YES</string>
				<key>GCC_WARN_UNINITIALIZED_AUTOS</key>
				<string>YES</string>
				<key>GCC_WARN_UNUSED_VARIABLE</key>
				<string>YES</string>
				<key>IPHONEOS_DEPLOYMENT_TARGET</key>
				<string>7.0</string>
				<key>ONLY_ACTIVE_ARCH</key>
				<string>YES</string>
				<key>PROVISIONING_PROFILE</key>
				<string></string>
				<key>SDKROOT</key>
				<string>iphoneos</string>
			</dict>
			<key>isa</key>
			<string>XCBuildConfiguration</string>
			<key>name</key>
			<string>Debug</string>
		</dict>
		<key>481BE8A7176F155A00960BDF</key>
		<dict>
			<key>buildSettings</key>
			<dict>
				<key>ALWAYS_SEARCH_USER_PATHS</key>
				<string>NO</string>
				<key>CLANG_CXX_LANGUAGE_STANDARD</key>
				<string>gnu++0x</string>
				<key>CLANG_CXX_LIBRARY</key>
				<string>libc++</string>
				<key>CLANG_ENABLE_OBJC_ARC</key>
				<string>YES</string>
				<key>CLANG_WARN_CONSTANT_CONVERSION</key>
				<string>YES</string>
				<key>CLANG_WARN_EMPTY_BODY</key>
				<string>YES</string>
				<key>CLANG_WARN_ENUM_CONVERSION</key>
				<string>YES</string>
				<key>CLANG_WARN_INT_CONVERSION</key>
				<string>YES</string>
				<key>CLANG_WARN__DUPLICATE_METHOD_MATCH</key>
				<string>YES</string>
				<key>CODE_SIGN_IDENTITY[sdk=iphoneos*]</key>
				<string>iPhone Developer</string>
				<key>COPY_PHASE_STRIP</key>
				<string>YES</string>
				<key>GCC_C_LANGUAGE_STANDARD</key>
				<string>gnu99</string>
				<key>GCC_WARN_ABOUT_RETURN_TYPE</key>
				<string>YES</string>
				<key>GCC_WARN_UNINITIALIZED_AUTOS</key>
				<string>YES</string>
				<key>GCC_WARN_UNUSED_VARIABLE</key>
				<string>YES</string>
				<key>IPHONEOS_DEPLOYMENT_TARGET</key>
				<string>7.0</string>
				<key>ONLY_ACTIVE_ARCH</key>
				<string>NO</string>
				<key>OTHER_CFLAGS</key>
				<string>-DNS_BLOCK_ASSERTIONS=1</string>
				<key>PROVISIONING_PROFILE</key>
				<string></string>
				<key>SDKROOT</key>
				<string>iphoneos</string>
				<key>VALIDATE_PRODUCT</key>
				<string>YES</string>
			</dict>
			<key>isa</key>
			<string>XCBuildConfiguration</string>
			<key>name</key>
			<string>Release</string>
		</dict>
		<key>481BE8A8176F155A00960BDF</key>
		<dict>
			<key>buildConfigurations</key>
			<array>
				<string>481BE8A9176F155A00960BDF</string>
				<string>481BE8AA176F155A00960BDF</string>
			</array>
			<key>defaultConfigurationIsVisible</key>
			<string>0</string>
			<key>defaultConfigurationName</key>
			<string>Release</string>
			<key>isa</key>
			<string>XCConfigurationList</string>
		</dict>
		<key>481BE8A9176F155A00960BDF</key>
		<dict>
			<key>baseConfigurationReference</key>
			<string>50987A01ED031513E78DE92A</string>
			<key>buildSettings</key>
			<dict>
				<key>GCC_PRECOMPILE_PREFIX_HEADER</key>
				<string>YES</string>
				<key>GCC_PREFIX_HEADER</key>
				<string>AeroDoc/AeroDoc-Prefix.pch</string>
				<key>INFOPLIST_FILE</key>
				<string>AeroDoc/AeroDoc-Info.plist</string>
				<key>IPHONEOS_DEPLOYMENT_TARGET</key>
				<string>7.0</string>
				<key>ONLY_ACTIVE_ARCH</key>
				<string>YES</string>
				<key>PRODUCT_NAME</key>
				<string>AeroDoc</string>
				<key>USER_HEADER_SEARCH_PATHS</key>
				<string>"${PROJECT_DIR}/Pods"/**</string>
				<key>WRAPPER_EXTENSION</key>
				<string>app</string>
			</dict>
			<key>isa</key>
			<string>XCBuildConfiguration</string>
			<key>name</key>
			<string>Debug</string>
		</dict>
		<key>481BE8AA176F155A00960BDF</key>
		<dict>
			<key>baseConfigurationReference</key>
			<string>E86C8712C944F2874DFE2C61</string>
			<key>buildSettings</key>
			<dict>
				<key>GCC_PRECOMPILE_PREFIX_HEADER</key>
				<string>YES</string>
				<key>GCC_PREFIX_HEADER</key>
				<string>AeroDoc/AeroDoc-Prefix.pch</string>
				<key>INFOPLIST_FILE</key>
				<string>AeroDoc/AeroDoc-Info.plist</string>
				<key>IPHONEOS_DEPLOYMENT_TARGET</key>
				<string>7.0</string>
				<key>ONLY_ACTIVE_ARCH</key>
				<string>YES</string>
				<key>PRODUCT_NAME</key>
				<string>AeroDoc</string>
				<key>USER_HEADER_SEARCH_PATHS</key>
				<string>"${PROJECT_DIR}/Pods"/**</string>
				<key>WRAPPER_EXTENSION</key>
				<string>app</string>
			</dict>
			<key>isa</key>
			<string>XCBuildConfiguration</string>
			<key>name</key>
			<string>Release</string>
		</dict>
		<key>481BE8AB176F155A00960BDF</key>
		<dict>
			<key>buildConfigurations</key>
			<array>
				<string>481BE8AC176F155A00960BDF</string>
				<string>481BE8AD176F155A00960BDF</string>
			</array>
			<key>defaultConfigurationIsVisible</key>
			<string>0</string>
			<key>defaultConfigurationName</key>
			<string>Release</string>
			<key>isa</key>
			<string>XCConfigurationList</string>
		</dict>
		<key>481BE8AC176F155A00960BDF</key>
		<dict>
			<key>buildSettings</key>
			<dict>
				<key>BUNDLE_LOADER</key>
				<string>$(BUILT_PRODUCTS_DIR)/AeroDoc.app/AeroDoc</string>
				<key>FRAMEWORK_SEARCH_PATHS</key>
				<array>
					<string>"$(SDKROOT)/Developer/Library/Frameworks"</string>
					<string>"$(DEVELOPER_LIBRARY_DIR)/Frameworks"</string>
					<string>$(inherited)</string>
				</array>
				<key>GCC_PRECOMPILE_PREFIX_HEADER</key>
				<string>YES</string>
				<key>GCC_PREFIX_HEADER</key>
				<string>AeroDoc/AeroDoc-Prefix.pch</string>
				<key>INFOPLIST_FILE</key>
				<string>AeroDocTests/AeroDocTests-Info.plist</string>
				<key>PRODUCT_NAME</key>
				<string>AeroDocTests</string>
				<key>TEST_HOST</key>
				<string>$(BUNDLE_LOADER)</string>
			</dict>
			<key>isa</key>
			<string>XCBuildConfiguration</string>
			<key>name</key>
			<string>Debug</string>
		</dict>
		<key>481BE8AD176F155A00960BDF</key>
		<dict>
			<key>buildSettings</key>
			<dict>
				<key>BUNDLE_LOADER</key>
				<string>$(BUILT_PRODUCTS_DIR)/AeroDoc.app/AeroDoc</string>
				<key>FRAMEWORK_SEARCH_PATHS</key>
				<array>
					<string>"$(SDKROOT)/Developer/Library/Frameworks"</string>
					<string>"$(DEVELOPER_LIBRARY_DIR)/Frameworks"</string>
					<string>$(inherited)</string>
				</array>
				<key>GCC_PRECOMPILE_PREFIX_HEADER</key>
				<string>YES</string>
				<key>GCC_PREFIX_HEADER</key>
				<string>AeroDoc/AeroDoc-Prefix.pch</string>
				<key>INFOPLIST_FILE</key>
				<string>AeroDocTests/AeroDocTests-Info.plist</string>
				<key>PRODUCT_NAME</key>
				<string>AeroDocTests</string>
				<key>TEST_HOST</key>
				<string>$(BUNDLE_LOADER)</string>
			</dict>
			<key>isa</key>
			<string>XCBuildConfiguration</string>
			<key>name</key>
			<string>Release</string>
		</dict>
		<key>4885A24617C4C5C600CD6B02</key>
		<dict>
			<key>isa</key>
			<string>PBXFileReference</string>
			<key>lastKnownFileType</key>
			<string>image.png</string>
			<key>name</key>
			<string>aero_greyed.png</string>
			<key>path</key>
			<string>Resources/images/aero_greyed.png</string>
			<key>sourceTree</key>
			<string>&lt;group&gt;</string>
		</dict>
		<key>4885A24717C4C5C600CD6B02</key>
		<dict>
			<key>isa</key>
			<string>PBXFileReference</string>
			<key>lastKnownFileType</key>
			<string>image.png</string>
			<key>name</key>
			<string>aero_selected.png</string>
			<key>path</key>
			<string>Resources/images/aero_selected.png</string>
			<key>sourceTree</key>
			<string>&lt;group&gt;</string>
		</dict>
		<key>4885A24817C4C5C600CD6B02</key>
		<dict>
			<key>fileRef</key>
			<string>4885A24617C4C5C600CD6B02</string>
			<key>isa</key>
			<string>PBXBuildFile</string>
		</dict>
		<key>4885A24917C4C5C600CD6B02</key>
		<dict>
			<key>fileRef</key>
			<string>4885A24717C4C5C600CD6B02</string>
			<key>isa</key>
			<string>PBXBuildFile</string>
		</dict>
		<key>48C139BF17C66C7D00449D3C</key>
		<dict>
			<key>isa</key>
			<string>PBXFileReference</string>
			<key>lastKnownFileType</key>
			<string>image.png</string>
			<key>name</key>
			<string>user_selected.png</string>
			<key>path</key>
			<string>Resources/images/user_selected.png</string>
			<key>sourceTree</key>
			<string>&lt;group&gt;</string>
		</dict>
		<key>48C139C117C66C7D00449D3C</key>
		<dict>
			<key>fileRef</key>
			<string>48C139BF17C66C7D00449D3C</string>
			<key>isa</key>
			<string>PBXBuildFile</string>
		</dict>
		<key>48C139C217C66CDB00449D3C</key>
		<dict>
			<key>isa</key>
			<string>PBXFileReference</string>
			<key>lastKnownFileType</key>
			<string>image.png</string>
			<key>name</key>
			<string>user_greyed.png</string>
			<key>path</key>
			<string>Resources/images/user_greyed.png</string>
			<key>sourceTree</key>
			<string>&lt;group&gt;</string>
		</dict>
		<key>48C139C317C66CDB00449D3C</key>
		<dict>
			<key>fileRef</key>
			<string>48C139C217C66CDB00449D3C</string>
			<key>isa</key>
			<string>PBXBuildFile</string>
		</dict>
		<key>48C139C417C6714A00449D3C</key>
		<dict>
			<key>isa</key>
			<string>PBXFileReference</string>
			<key>lastKnownFileType</key>
			<string>image.png</string>
			<key>name</key>
			<string>notification_red.png</string>
			<key>path</key>
			<string>Resources/images/notification_red.png</string>
			<key>sourceTree</key>
			<string>&lt;group&gt;</string>
		</dict>
		<key>48C139C517C6714A00449D3C</key>
		<dict>
			<key>fileRef</key>
			<string>48C139C417C6714A00449D3C</string>
			<key>isa</key>
			<string>PBXBuildFile</string>
		</dict>
		<key>48C4A9961796F595000108DF</key>
		<dict>
			<key>fileEncoding</key>
			<string>4</string>
			<key>isa</key>
			<string>PBXFileReference</string>
			<key>lastKnownFileType</key>
			<string>sourcecode.c.h</string>
			<key>name</key>
			<string>AGLead.h</string>
			<key>path</key>
			<string>AeroDoc/Classes/Model/AGLead.h</string>
			<key>sourceTree</key>
			<string>SOURCE_ROOT</string>
		</dict>
		<key>48C4A9971796F595000108DF</key>
		<dict>
			<key>fileEncoding</key>
			<string>4</string>
			<key>isa</key>
			<string>PBXFileReference</string>
			<key>lastKnownFileType</key>
			<string>sourcecode.c.objc</string>
			<key>name</key>
			<string>AGLead.m</string>
			<key>path</key>
			<string>AeroDoc/Classes/Model/AGLead.m</string>
			<key>sourceTree</key>
			<string>SOURCE_ROOT</string>
		</dict>
		<key>48C4A9981796F595000108DF</key>
		<dict>
			<key>fileRef</key>
			<string>48C4A9971796F595000108DF</string>
			<key>isa</key>
			<string>PBXBuildFile</string>
		</dict>
		<key>48C4A9991796F5A5000108DF</key>
		<dict>
			<key>fileEncoding</key>
			<string>4</string>
			<key>isa</key>
			<string>PBXFileReference</string>
			<key>lastKnownFileType</key>
			<string>sourcecode.c.h</string>
			<key>name</key>
			<string>AGConfig.h</string>
			<key>path</key>
			<string>AeroDoc/Classes/Config/AGConfig.h</string>
			<key>sourceTree</key>
			<string>SOURCE_ROOT</string>
		</dict>
		<key>48C4A99A1796F5B2000108DF</key>
		<dict>
			<key>fileEncoding</key>
			<string>4</string>
			<key>isa</key>
			<string>PBXFileReference</string>
			<key>lastKnownFileType</key>
			<string>sourcecode.c.h</string>
			<key>name</key>
			<string>AGLeadsViewController.h</string>
			<key>path</key>
			<string>AeroDoc/Classes/Controllers/AGLeadsViewController.h</string>
			<key>sourceTree</key>
			<string>SOURCE_ROOT</string>
		</dict>
		<key>48C4A99B1796F5B2000108DF</key>
		<dict>
			<key>fileEncoding</key>
			<string>4</string>
			<key>isa</key>
			<string>PBXFileReference</string>
			<key>lastKnownFileType</key>
			<string>sourcecode.c.objc</string>
			<key>name</key>
			<string>AGLeadsViewController.m</string>
			<key>path</key>
			<string>AeroDoc/Classes/Controllers/AGLeadsViewController.m</string>
			<key>sourceTree</key>
			<string>SOURCE_ROOT</string>
		</dict>
		<key>48C4A99C1796F5B2000108DF</key>
		<dict>
			<key>fileEncoding</key>
			<string>4</string>
			<key>isa</key>
			<string>PBXFileReference</string>
			<key>lastKnownFileType</key>
			<string>sourcecode.c.h</string>
			<key>name</key>
			<string>AGLeadViewController.h</string>
			<key>path</key>
			<string>AeroDoc/Classes/Controllers/AGLeadViewController.h</string>
			<key>sourceTree</key>
			<string>SOURCE_ROOT</string>
		</dict>
		<key>48C4A99D1796F5B2000108DF</key>
		<dict>
			<key>fileEncoding</key>
			<string>4</string>
			<key>isa</key>
			<string>PBXFileReference</string>
			<key>lastKnownFileType</key>
			<string>sourcecode.c.objc</string>
			<key>name</key>
			<string>AGLeadViewController.m</string>
			<key>path</key>
			<string>AeroDoc/Classes/Controllers/AGLeadViewController.m</string>
			<key>sourceTree</key>
			<string>SOURCE_ROOT</string>
		</dict>
		<key>48C4A9A01796F5B2000108DF</key>
		<dict>
			<key>fileEncoding</key>
			<string>4</string>
			<key>isa</key>
			<string>PBXFileReference</string>
			<key>lastKnownFileType</key>
			<string>sourcecode.c.h</string>
			<key>name</key>
			<string>AGLoginViewController.h</string>
			<key>path</key>
			<string>AeroDoc/Classes/Controllers/AGLoginViewController.h</string>
			<key>sourceTree</key>
			<string>SOURCE_ROOT</string>
		</dict>
		<key>48C4A9A11796F5B2000108DF</key>
		<dict>
			<key>fileEncoding</key>
			<string>4</string>
			<key>isa</key>
			<string>PBXFileReference</string>
			<key>lastKnownFileType</key>
			<string>sourcecode.c.objc</string>
			<key>name</key>
			<string>AGLoginViewController.m</string>
			<key>path</key>
			<string>AeroDoc/Classes/Controllers/AGLoginViewController.m</string>
			<key>sourceTree</key>
			<string>SOURCE_ROOT</string>
		</dict>
		<key>48C4A9A21796F5B2000108DF</key>
		<dict>
			<key>fileEncoding</key>
			<string>4</string>
			<key>isa</key>
			<string>PBXFileReference</string>
			<key>lastKnownFileType</key>
			<string>sourcecode.c.h</string>
			<key>name</key>
			<string>AGMyLeadsViewController.h</string>
			<key>path</key>
			<string>AeroDoc/Classes/Controllers/AGMyLeadsViewController.h</string>
			<key>sourceTree</key>
			<string>SOURCE_ROOT</string>
		</dict>
		<key>48C4A9A31796F5B2000108DF</key>
		<dict>
			<key>fileEncoding</key>
			<string>4</string>
			<key>isa</key>
			<string>PBXFileReference</string>
			<key>lastKnownFileType</key>
			<string>sourcecode.c.objc</string>
			<key>name</key>
			<string>AGMyLeadsViewController.m</string>
			<key>path</key>
			<string>AeroDoc/Classes/Controllers/AGMyLeadsViewController.m</string>
			<key>sourceTree</key>
			<string>SOURCE_ROOT</string>
		</dict>
		<key>48C4A9A41796F5B2000108DF</key>
		<dict>
			<key>fileRef</key>
			<string>48C4A99B1796F5B2000108DF</string>
			<key>isa</key>
			<string>PBXBuildFile</string>
		</dict>
		<key>48C4A9A51796F5B2000108DF</key>
		<dict>
			<key>fileRef</key>
			<string>48C4A99D1796F5B2000108DF</string>
			<key>isa</key>
			<string>PBXBuildFile</string>
		</dict>
		<key>48C4A9A71796F5B2000108DF</key>
		<dict>
			<key>fileRef</key>
			<string>48C4A9A11796F5B2000108DF</string>
			<key>isa</key>
			<string>PBXBuildFile</string>
		</dict>
		<key>48C4A9A81796F5B2000108DF</key>
		<dict>
			<key>fileRef</key>
			<string>48C4A9A31796F5B2000108DF</string>
			<key>isa</key>
			<string>PBXBuildFile</string>
		</dict>
		<key>48C4A9A91796F5C6000108DF</key>
		<dict>
			<key>fileEncoding</key>
			<string>4</string>
			<key>isa</key>
			<string>PBXFileReference</string>
			<key>lastKnownFileType</key>
			<string>sourcecode.c.h</string>
			<key>name</key>
			<string>AeroDocAPIClient.h</string>
			<key>path</key>
			<string>AeroDoc/Classes/Networking/AeroDocAPIClient.h</string>
			<key>sourceTree</key>
			<string>SOURCE_ROOT</string>
		</dict>
		<key>48C4A9AA1796F5C6000108DF</key>
		<dict>
			<key>fileEncoding</key>
			<string>4</string>
			<key>isa</key>
			<string>PBXFileReference</string>
			<key>lastKnownFileType</key>
			<string>sourcecode.c.objc</string>
			<key>name</key>
			<string>AeroDocAPIClient.m</string>
			<key>path</key>
			<string>AeroDoc/Classes/Networking/AeroDocAPIClient.m</string>
			<key>sourceTree</key>
			<string>SOURCE_ROOT</string>
		</dict>
		<key>48C4A9AB1796F5C6000108DF</key>
		<dict>
			<key>fileRef</key>
			<string>48C4A9AA1796F5C6000108DF</string>
			<key>isa</key>
			<string>PBXBuildFile</string>
		</dict>
		<key>48C4A9AC1796F5DE000108DF</key>
		<dict>
			<key>fileEncoding</key>
			<string>4</string>
			<key>isa</key>
			<string>PBXFileReference</string>
			<key>lastKnownFileType</key>
			<string>sourcecode.c.h</string>
			<key>name</key>
			<string>LeadCell.h</string>
			<key>path</key>
			<string>AeroDoc/Classes/TableCells/LeadCell.h</string>
			<key>sourceTree</key>
			<string>SOURCE_ROOT</string>
		</dict>
		<key>48C4A9AD1796F5DE000108DF</key>
		<dict>
			<key>fileEncoding</key>
			<string>4</string>
			<key>isa</key>
			<string>PBXFileReference</string>
			<key>lastKnownFileType</key>
			<string>sourcecode.c.objc</string>
			<key>name</key>
			<string>LeadCell.m</string>
			<key>path</key>
			<string>AeroDoc/Classes/TableCells/LeadCell.m</string>
			<key>sourceTree</key>
			<string>SOURCE_ROOT</string>
		</dict>
		<key>48C4A9AE1796F5DE000108DF</key>
		<dict>
			<key>fileRef</key>
			<string>48C4A9AD1796F5DE000108DF</string>
			<key>isa</key>
			<string>PBXBuildFile</string>
		</dict>
		<key>48C4A9AF1796F5FF000108DF</key>
		<dict>
			<key>fileEncoding</key>
			<string>4</string>
			<key>isa</key>
			<string>PBXFileReference</string>
			<key>lastKnownFileType</key>
			<string>sourcecode.c.h</string>
			<key>name</key>
			<string>AGAppDelegate.h</string>
			<key>path</key>
			<string>AeroDoc/AGAppDelegate.h</string>
			<key>sourceTree</key>
			<string>SOURCE_ROOT</string>
		</dict>
		<key>48C4A9B01796F5FF000108DF</key>
		<dict>
			<key>fileEncoding</key>
			<string>4</string>
			<key>isa</key>
			<string>PBXFileReference</string>
			<key>lastKnownFileType</key>
			<string>sourcecode.c.objc</string>
			<key>name</key>
			<string>AGAppDelegate.m</string>
			<key>path</key>
			<string>AeroDoc/AGAppDelegate.m</string>
			<key>sourceTree</key>
			<string>SOURCE_ROOT</string>
		</dict>
		<key>48C4A9B11796F5FF000108DF</key>
		<dict>
			<key>fileRef</key>
			<string>48C4A9B01796F5FF000108DF</string>
			<key>isa</key>
			<string>PBXBuildFile</string>
		</dict>
		<key>48C4A9B71796F645000108DF</key>
		<dict>
			<key>fileEncoding</key>
			<string>4</string>
			<key>isa</key>
			<string>PBXFileReference</string>
			<key>lastKnownFileType</key>
			<string>sourcecode.c.objc</string>
			<key>name</key>
			<string>main.m</string>
			<key>path</key>
			<string>AeroDoc/main.m</string>
			<key>sourceTree</key>
			<string>SOURCE_ROOT</string>
		</dict>
		<key>48C4A9B81796F645000108DF</key>
		<dict>
			<key>fileRef</key>
			<string>48C4A9B71796F645000108DF</string>
			<key>isa</key>
			<string>PBXBuildFile</string>
		</dict>
		<key>48C4A9B91796F64E000108DF</key>
		<dict>
			<key>fileEncoding</key>
			<string>4</string>
			<key>isa</key>
			<string>PBXFileReference</string>
			<key>lastKnownFileType</key>
			<string>sourcecode.c.h</string>
			<key>name</key>
			<string>AeroDoc-Prefix.pch</string>
			<key>path</key>
			<string>AeroDoc/AeroDoc-Prefix.pch</string>
			<key>sourceTree</key>
			<string>SOURCE_ROOT</string>
		</dict>
		<key>48C4A9C21796F69B000108DF</key>
		<dict>
			<key>isa</key>
			<string>PBXFileReference</string>
			<key>lastKnownFileType</key>
			<string>image.png</string>
			<key>name</key>
			<string>Default-568h@2x.png</string>
			<key>path</key>
			<string>AeroDoc/Default-568h@2x.png</string>
			<key>sourceTree</key>
			<string>SOURCE_ROOT</string>
		</dict>
		<key>48C4A9C31796F69B000108DF</key>
		<dict>
			<key>isa</key>
			<string>PBXFileReference</string>
			<key>lastKnownFileType</key>
			<string>image.png</string>
			<key>name</key>
			<string>Default.png</string>
			<key>path</key>
			<string>AeroDoc/Default.png</string>
			<key>sourceTree</key>
			<string>SOURCE_ROOT</string>
		</dict>
		<key>48C4A9C41796F69B000108DF</key>
		<dict>
			<key>isa</key>
			<string>PBXFileReference</string>
			<key>lastKnownFileType</key>
			<string>image.png</string>
			<key>name</key>
			<string>Default@2x.png</string>
			<key>path</key>
			<string>AeroDoc/Default@2x.png</string>
			<key>sourceTree</key>
			<string>SOURCE_ROOT</string>
		</dict>
		<key>48C4A9C51796F69B000108DF</key>
		<dict>
			<key>fileRef</key>
			<string>48C4A9C21796F69B000108DF</string>
			<key>isa</key>
			<string>PBXBuildFile</string>
		</dict>
		<key>48C4A9C61796F69B000108DF</key>
		<dict>
			<key>fileRef</key>
			<string>48C4A9C31796F69B000108DF</string>
			<key>isa</key>
			<string>PBXBuildFile</string>
		</dict>
		<key>48C4A9C71796F69B000108DF</key>
		<dict>
			<key>fileRef</key>
			<string>48C4A9C41796F69B000108DF</string>
			<key>isa</key>
			<string>PBXBuildFile</string>
		</dict>
		<key>48C4A9C81796F6B8000108DF</key>
		<dict>
			<key>fileEncoding</key>
			<string>4</string>
			<key>isa</key>
			<string>PBXFileReference</string>
			<key>lastKnownFileType</key>
			<string>text.plist.xml</string>
			<key>name</key>
			<string>AeroDocTests-Info.plist</string>
			<key>path</key>
			<string>AeroDocTests/AeroDocTests-Info.plist</string>
			<key>sourceTree</key>
			<string>SOURCE_ROOT</string>
		</dict>
		<key>48C4A9C91796F6B8000108DF</key>
		<dict>
			<key>fileRef</key>
			<string>48C4A9C81796F6B8000108DF</string>
			<key>isa</key>
			<string>PBXBuildFile</string>
		</dict>
		<key>48C4EAA617CF9FF700E2D71F</key>
		<dict>
			<key>fileEncoding</key>
			<string>4</string>
			<key>isa</key>
			<string>PBXFileReference</string>
			<key>lastKnownFileType</key>
			<string>sourcecode.c.h</string>
			<key>name</key>
			<string>AGStatus.h</string>
			<key>path</key>
			<string>Classes/Controllers/AGStatus.h</string>
			<key>sourceTree</key>
			<string>&lt;group&gt;</string>
		</dict>
		<key>48C4EAA717CF9FF700E2D71F</key>
		<dict>
			<key>fileEncoding</key>
			<string>4</string>
			<key>isa</key>
			<string>PBXFileReference</string>
			<key>lastKnownFileType</key>
			<string>sourcecode.c.objc</string>
			<key>name</key>
			<string>AGStatus.m</string>
			<key>path</key>
			<string>Classes/Controllers/AGStatus.m</string>
			<key>sourceTree</key>
			<string>&lt;group&gt;</string>
		</dict>
		<key>48C4EAA817CF9FF700E2D71F</key>
		<dict>
			<key>fileRef</key>
			<string>48C4EAA717CF9FF700E2D71F</string>
			<key>isa</key>
			<string>PBXBuildFile</string>
		</dict>
		<key>48E07C091771E31F00043C05</key>
		<dict>
			<key>children</key>
			<array>
				<string>48C4A9961796F595000108DF</string>
				<string>48C4A9971796F595000108DF</string>
			</array>
			<key>isa</key>
			<string>PBXGroup</string>
			<key>name</key>
			<string>Model</string>
			<key>sourceTree</key>
			<string>&lt;group&gt;</string>
		</dict>
		<key>48E07C10177435D500043C05</key>
		<dict>
			<key>children</key>
			<array>
				<string>48C4A9991796F5A5000108DF</string>
			</array>
			<key>isa</key>
			<string>PBXGroup</string>
			<key>name</key>
			<string>Config</string>
			<key>sourceTree</key>
			<string>&lt;group&gt;</string>
		</dict>
		<key>48E07C43177621B700043C05</key>
		<dict>
			<key>children</key>
			<array>
				<string>48C139C417C6714A00449D3C</string>
				<string>48C139C217C66CDB00449D3C</string>
				<string>48C139BF17C66C7D00449D3C</string>
				<string>4810B5D117C3AD5100E72BFD</string>
				<string>4810B5CF17C3ACF700E72BFD</string>
				<string>4885A24617C4C5C600CD6B02</string>
				<string>4885A24717C4C5C600CD6B02</string>
				<string>48E07C44177622A000043C05</string>
				<string>48E07C51177622A000043C05</string>
				<string>48E07C58177622A000043C05</string>
				<string>6F01680E177A142200601E7A</string>
				<string>6F01680F177A142200601E7A</string>
			</array>
			<key>isa</key>
			<string>PBXGroup</string>
			<key>name</key>
			<string>Resources</string>
			<key>sourceTree</key>
			<string>&lt;group&gt;</string>
		</dict>
		<key>48E07C44177622A000043C05</key>
		<dict>
			<key>isa</key>
			<string>PBXFileReference</string>
			<key>lastKnownFileType</key>
			<string>image.png</string>
			<key>name</key>
			<string>aerogear_logo.png</string>
			<key>path</key>
			<string>Resources/images/aerogear_logo.png</string>
			<key>sourceTree</key>
			<string>&lt;group&gt;</string>
		</dict>
		<key>48E07C51177622A000043C05</key>
		<dict>
			<key>isa</key>
			<string>PBXFileReference</string>
			<key>lastKnownFileType</key>
			<string>image.png</string>
			<key>name</key>
			<string>logout.png</string>
			<key>path</key>
			<string>Resources/images/logout.png</string>
			<key>sourceTree</key>
			<string>&lt;group&gt;</string>
		</dict>
		<key>48E07C58177622A000043C05</key>
		<dict>
			<key>isa</key>
			<string>PBXFileReference</string>
			<key>lastKnownFileType</key>
			<string>image.png</string>
			<key>name</key>
			<string>topAndBottomRow.png</string>
			<key>path</key>
			<string>Resources/images/topAndBottomRow.png</string>
			<key>sourceTree</key>
			<string>&lt;group&gt;</string>
		</dict>
		<key>48E07C5C177622A000043C05</key>
		<dict>
			<key>fileRef</key>
			<string>48E07C44177622A000043C05</string>
			<key>isa</key>
			<string>PBXBuildFile</string>
		</dict>
		<key>48E07C69177622A000043C05</key>
		<dict>
			<key>fileRef</key>
			<string>48E07C51177622A000043C05</string>
			<key>isa</key>
			<string>PBXBuildFile</string>
		</dict>
		<key>48E07C70177622A000043C05</key>
		<dict>
			<key>fileRef</key>
			<string>48E07C58177622A000043C05</string>
			<key>isa</key>
			<string>PBXBuildFile</string>
		</dict>
		<key>48E07C741776F57400043C05</key>
		<dict>
			<key>children</key>
			<array>
				<string>48C4A9AC1796F5DE000108DF</string>
				<string>48C4A9AD1796F5DE000108DF</string>
			</array>
			<key>isa</key>
			<string>PBXGroup</string>
			<key>name</key>
			<string>TableCells</string>
			<key>sourceTree</key>
			<string>&lt;group&gt;</string>
		</dict>
		<key>50987A01ED031513E78DE92A</key>
		<dict>
			<key>includeInIndex</key>
			<string>1</string>
			<key>isa</key>
			<string>PBXFileReference</string>
			<key>lastKnownFileType</key>
			<string>text.xcconfig</string>
			<key>name</key>
			<string>Pods.debug.xcconfig</string>
			<key>path</key>
			<string>Pods/Target Support Files/Pods/Pods.debug.xcconfig</string>
			<key>sourceTree</key>
			<string>&lt;group&gt;</string>
		</dict>
		<key>5514BACBE1264F0CBDC066B7</key>
		<dict>
			<key>buildActionMask</key>
			<string>2147483647</string>
			<key>files</key>
			<array/>
			<key>inputPaths</key>
			<array/>
			<key>isa</key>
			<string>PBXShellScriptBuildPhase</string>
			<key>name</key>
			<string>Check Pods Manifest.lock</string>
			<key>outputPaths</key>
			<array/>
			<key>runOnlyForDeploymentPostprocessing</key>
			<string>0</string>
			<key>shellPath</key>
			<string>/bin/sh</string>
			<key>shellScript</key>
			<string>diff "${PODS_ROOT}/../Podfile.lock" "${PODS_ROOT}/Manifest.lock" &gt; /dev/null
if [[ $? != 0 ]] ; then
    cat &lt;&lt; EOM
error: The sandbox is not in sync with the Podfile.lock. Run 'pod install' or update your CocoaPods installation.
EOM
    exit 1
fi
</string>
		</dict>
		<key>6F01680E177A142200601E7A</key>
		<dict>
			<key>isa</key>
			<string>PBXFileReference</string>
			<key>lastKnownFileType</key>
			<string>image.png</string>
			<key>name</key>
			<string>green.png</string>
			<key>path</key>
			<string>Resources/images/green.png</string>
			<key>sourceTree</key>
			<string>&lt;group&gt;</string>
		</dict>
		<key>6F01680F177A142200601E7A</key>
		<dict>
			<key>isa</key>
			<string>PBXFileReference</string>
			<key>lastKnownFileType</key>
			<string>image.png</string>
			<key>name</key>
			<string>orange.png</string>
			<key>path</key>
			<string>Resources/images/orange.png</string>
			<key>sourceTree</key>
			<string>&lt;group&gt;</string>
		</dict>
		<key>6F016810177A142200601E7A</key>
		<dict>
			<key>fileRef</key>
			<string>6F01680E177A142200601E7A</string>
			<key>isa</key>
			<string>PBXBuildFile</string>
		</dict>
		<key>6F016811177A142200601E7A</key>
		<dict>
			<key>fileRef</key>
			<string>6F01680F177A142200601E7A</string>
			<key>isa</key>
			<string>PBXBuildFile</string>
		</dict>
		<key>6F2960EA1981A992009AB9B1</key>
		<dict>
			<key>containerPortal</key>
			<string>481BE862176F155900960BDF</string>
			<key>isa</key>
			<string>PBXContainerItemProxy</string>
			<key>proxyType</key>
			<string>1</string>
			<key>remoteGlobalIDString</key>
			<string>481BE869176F155A00960BDF</string>
			<key>remoteInfo</key>
			<string>AeroDoc</string>
		</dict>
		<key>6F2960EB1981A992009AB9B1</key>
		<dict>
			<key>isa</key>
			<string>PBXTargetDependency</string>
			<key>target</key>
			<string>481BE869176F155A00960BDF</string>
			<key>targetProxy</key>
			<string>6F2960EA1981A992009AB9B1</string>
		</dict>
		<key>6F2960EC1981A992009AB9B1</key>
		<dict>
			<key>containerPortal</key>
			<string>481BE862176F155900960BDF</string>
			<key>isa</key>
			<string>PBXContainerItemProxy</string>
			<key>proxyType</key>
			<string>1</string>
			<key>remoteGlobalIDString</key>
			<string>481BE869176F155A00960BDF</string>
			<key>remoteInfo</key>
			<string>AeroDoc</string>
		</dict>
		<key>6F2960ED1981A992009AB9B1</key>
		<dict>
			<key>isa</key>
			<string>PBXTargetDependency</string>
			<key>target</key>
			<string>481BE869176F155A00960BDF</string>
			<key>targetProxy</key>
			<string>6F2960EC1981A992009AB9B1</string>
		</dict>
		<key>886BF5EE0EEE49A9BC50E39D</key>
		<dict>
			<key>buildActionMask</key>
			<string>2147483647</string>
			<key>files</key>
			<array/>
			<key>inputPaths</key>
			<array/>
			<key>isa</key>
			<string>PBXShellScriptBuildPhase</string>
			<key>name</key>
			<string>Copy Pods Resources</string>
			<key>outputPaths</key>
			<array/>
			<key>runOnlyForDeploymentPostprocessing</key>
			<string>0</string>
			<key>shellPath</key>
			<string>/bin/sh</string>
			<key>shellScript</key>
			<string>"${SRCROOT}/Pods/Target Support Files/Pods/Pods-resources.sh"
</string>
		</dict>
		<key>B20A52351779B14A4BD25A1F</key>
		<dict>
			<key>fileRef</key>
			<string>B20A5F1341AACD1A3C260ABF</string>
			<key>isa</key>
			<string>PBXBuildFile</string>
		</dict>
		<key>B20A5F1341AACD1A3C260ABF</key>
		<dict>
			<key>isa</key>
			<string>PBXFileReference</string>
			<key>lastKnownFileType</key>
			<string>wrapper.framework</string>
			<key>name</key>
			<string>CoreLocation.framework</string>
			<key>path</key>
			<string>System/Library/Frameworks/CoreLocation.framework</string>
			<key>sourceTree</key>
			<string>SDKROOT</string>
		</dict>
		<key>CCB432686BC74882B5C55932</key>
		<dict>
			<key>fileRef</key>
			<string>3ED1957D45914DBAA7632452</string>
			<key>isa</key>
			<string>PBXBuildFile</string>
		</dict>
		<key>E86C8712C944F2874DFE2C61</key>
		<dict>
			<key>includeInIndex</key>
			<string>1</string>
			<key>isa</key>
			<string>PBXFileReference</string>
			<key>lastKnownFileType</key>
			<string>text.xcconfig</string>
			<key>name</key>
			<string>Pods.release.xcconfig</string>
			<key>path</key>
			<string>Pods/Target Support Files/Pods/Pods.release.xcconfig</string>
			<key>sourceTree</key>
			<string>&lt;group&gt;</string>
		</dict>
	</dict>
	<key>rootObject</key>
	<string>481BE862176F155900960BDF</string>
</dict>
</plist>
